{
  "version": 4,
  "terraform_version": "1.1.3",
  "serial": 6,
  "lineage": "20b59c9b-905e-98c8-fb90-276a01adaca1",
  "outputs": {
    "remote_state_configuration_example": {
      "value": "  terraform {\r\n    backend \"s3\" {\r\n      # this key must be unique for each layer!\r\n      bucket = \"594621557419-vinco-test-ap-east-1-remote-state-bucket\"\r\n      key    = \"terraform.EXAMPLE._main.tfstate\"\r\n      region = \"ap-east-1\"\r\n      encrypt = \"true\"\r\n    }\r\n  }\r\n",
      "type": "string"
    },
    "state_bucket_id": {
      "value": "594621557419-vinco-test-ap-east-1-remote-state-bucket",
      "type": "string"
    },
    "state_bucket_region": {
      "value": "ap-east-1",
      "type": "string"
    },
    "state_import_example": {
      "value": "  data \"terraform_remote_state\" \"main_state\" {\r\n    backend = \"local\"\r\n    config = {\r\n      path = \"../../_main/terraform.tfstate\"\r\n    }\r\n  }\r\n",
      "type": "string"
    }
  },
  "resources": [
    {
      "mode": "managed",
      "type": "aws_s3_bucket",
      "name": "state",
      "provider": "provider[\"registry.terraform.io/hashicorp/aws\"]",
      "instances": [
        {
          "schema_version": 0,
          "attributes": {
            "acceleration_status": null,
            "acl": null,
            "arn": "arn:aws:s3:::594621557419-vinco-test-ap-east-1-remote-state-bucket",
            "bucket": "594621557419-vinco-test-ap-east-1-remote-state-bucket",
            "bucket_domain_name": "594621557419-vinco-test-ap-east-1-remote-state-bucket.s3.amazonaws.com",
            "bucket_prefix": null,
            "bucket_regional_domain_name": "594621557419-vinco-test-ap-east-1-remote-state-bucket.s3.ap-east-1.amazonaws.com",
            "cors_rule": [],
            "force_destroy": true,
            "grant": [
              {
                "id": "81af0e09da165163ed388d51189a056c7085fafc625c494a1fbb048865910fb4",
                "permissions": [
                  "FULL_CONTROL"
                ],
                "type": "CanonicalUser",
                "uri": ""
              }
            ],
            "hosted_zone_id": "ZNB98KWMFR0R6",
            "id": "594621557419-vinco-test-ap-east-1-remote-state-bucket",
            "lifecycle_rule": [],
            "logging": [],
            "object_lock_configuration": [],
            "object_lock_enabled": false,
            "policy": "",
            "region": "ap-east-1",
            "replication_configuration": [],
            "request_payer": "BucketOwner",
            "server_side_encryption_configuration": [],
            "tags": {
              "CreatedBy": "Ravi Teja Nimma",
              "Environment": "test",
              "Terraform": "true"
            },
            "tags_all": {
              "CreatedBy": "Ravi Teja Nimma",
              "Environment": "test",
              "Terraform": "true"
            },
            "timeouts": null,
            "versioning": [
              {
                "enabled": false,
                "mfa_delete": false
              }
            ],
            "website": [],
            "website_domain": null,
            "website_endpoint": null
          },
          "sensitive_attributes": [],
          "private": "eyJlMmJmYjczMC1lY2FhLTExZTYtOGY4OC0zNDM2M2JjN2M0YzAiOnsiY3JlYXRlIjoxMjAwMDAwMDAwMDAwLCJkZWxldGUiOjM2MDAwMDAwMDAwMDAsInJlYWQiOjEyMDAwMDAwMDAwMDAsInVwZGF0ZSI6MTIwMDAwMDAwMDAwMH19"
        }
      ]
    },
    {
      "mode": "managed",
      "type": "aws_s3_bucket_acl",
      "name": "state_bucket_acl",
      "provider": "provider[\"registry.terraform.io/hashicorp/aws\"]",
      "instances": [
        {
          "schema_version": 0,
          "attributes": {
            "access_control_policy": [
              {
                "grant": [
                  {
                    "grantee": [
                      {
                        "display_name": "",
                        "email_address": "",
                        "id": "81af0e09da165163ed388d51189a056c7085fafc625c494a1fbb048865910fb4",
                        "type": "CanonicalUser",
                        "uri": ""
                      }
                    ],
                    "permission": "FULL_CONTROL"
                  }
                ],
                "owner": [
                  {
                    "display_name": "",
                    "id": "81af0e09da165163ed388d51189a056c7085fafc625c494a1fbb048865910fb4"
                  }
                ]
              }
            ],
            "acl": "private",
            "bucket": "594621557419-vinco-test-ap-east-1-remote-state-bucket",
            "expected_bucket_owner": "",
            "id": "594621557419-vinco-test-ap-east-1-remote-state-bucket,private"
          },
          "sensitive_attributes": [],
          "private": "bnVsbA==",
          "dependencies": [
            "aws_s3_bucket.state"
          ]
        }
      ]
    },
    {
      "mode": "managed",
      "type": "aws_s3_bucket_lifecycle_configuration",
      "name": "state_bucket_config",
      "provider": "provider[\"registry.terraform.io/hashicorp/aws\"]",
      "instances": [
        {
          "schema_version": 0,
          "attributes": {
            "bucket": "594621557419-vinco-test-ap-east-1-remote-state-bucket",
            "expected_bucket_owner": "",
            "id": "594621557419-vinco-test-ap-east-1-remote-state-bucket",
            "rule": [
              {
                "abort_incomplete_multipart_upload": [],
                "expiration": [
                  {
                    "date": "",
                    "days": 30,
                    "expired_object_delete_marker": false
                  }
                ],
                "filter": [
                  {
                    "and": [],
                    "object_size_greater_than": "",
                    "object_size_less_than": "",
                    "prefix": "",
                    "tag": []
                  }
                ],
                "id": "Expire30",
                "noncurrent_version_expiration": [
                  {
                    "newer_noncurrent_versions": "",
                    "noncurrent_days": 30
                  }
                ],
                "noncurrent_version_transition": [],
                "prefix": "",
                "status": "Enabled",
                "transition": []
              }
            ]
          },
          "sensitive_attributes": [],
          "private": "bnVsbA==",
          "dependencies": [
            "aws_s3_bucket.state"
          ]
        }
      ]
    },
    {
      "mode": "managed",
      "type": "aws_s3_bucket_public_access_block",
      "name": "state_bucket_access",
      "provider": "provider[\"registry.terraform.io/hashicorp/aws\"]",
      "instances": [
        {
          "schema_version": 0,
          "attributes": {
            "block_public_acls": true,
            "block_public_policy": true,
            "bucket": "594621557419-vinco-test-ap-east-1-remote-state-bucket",
            "id": "594621557419-vinco-test-ap-east-1-remote-state-bucket",
            "ignore_public_acls": true,
            "restrict_public_buckets": true
          },
          "sensitive_attributes": [],
          "private": "bnVsbA==",
          "dependencies": [
            "aws_s3_bucket.state"
          ]
        }
      ]
    },
    {
      "mode": "managed",
      "type": "aws_s3_bucket_server_side_encryption_configuration",
      "name": "state_bucket_sse",
      "provider": "provider[\"registry.terraform.io/hashicorp/aws\"]",
      "instances": [
        {
          "schema_version": 0,
          "attributes": {
            "bucket": "594621557419-vinco-test-ap-east-1-remote-state-bucket",
            "expected_bucket_owner": "",
            "id": "594621557419-vinco-test-ap-east-1-remote-state-bucket",
            "rule": [
              {
                "apply_server_side_encryption_by_default": [
                  {
                    "kms_master_key_id": "",
                    "sse_algorithm": "AES256"
                  }
                ],
                "bucket_key_enabled": null
              }
            ]
          },
          "sensitive_attributes": [],
          "private": "bnVsbA==",
          "dependencies": [
            "aws_s3_bucket.state"
          ]
        }
      ]
    }
  ]
}
